Terraform used the selected providers to generate the following execution plan.
Resource actions are indicated with the following symbols:
  + create

Terraform will perform the following actions:

  # yandex_compute_instance.node01 will be created
  + resource "yandex_compute_instance" "node01" {
      + allow_stopping_for_update = true
      + created_at                = (known after apply)
      + folder_id                 = (known after apply)
      + fqdn                      = (known after apply)
      + gpu_cluster_id            = (known after apply)
      + hostname                  = "node01.netology.cloud"
      + id                        = (known after apply)
      + metadata                  = {
          + "ssh-keys" = "ssh-ed25519 AAAAC3NzaC1lZDI1NTE5AAAAIGbClSFk6heol4lpAOUc/AH0Ll/sjXM1Alc4Jr53uUsE noswear316@gmail.com"
        }
      + name                      = "node01"
      + network_acceleration_type = "standard"
      + platform_id               = "standard-v1"
      + service_account_id        = (known after apply)
      + status                    = (known after apply)
      + zone                      = "ru-central1-a"

      + boot_disk {
          + auto_delete = true
          + device_name = (known after apply)
          + disk_id     = (known after apply)
          + mode        = (known after apply)

          + initialize_params {
              + block_size  = (known after apply)
              + description = (known after apply)
              + image_id    = "fd8q639p14aulh97ihei"
              + name        = "root-node01"
              + size        = 50
              + snapshot_id = (known after apply)
              + type        = "network-nvme"
            }
        }

      + network_interface {
          + index              = (known after apply)
          + ip_address         = (known after apply)
          + ipv4               = true
          + ipv6               = (known after apply)
          + ipv6_address       = (known after apply)
          + mac_address        = (known after apply)
          + nat                = true
          + nat_ip_address     = (known after apply)
          + nat_ip_version     = (known after apply)
          + security_group_ids = (known after apply)
          + subnet_id          = ""
        }

      + resources {
          + core_fraction = 100
          + cores         = 8
          + memory        = 8
        }
    }

Plan: 1 to add, 0 to change, 0 to destroy.

Changes to Outputs:
  + external_ip_address_node01_yandex_cloud = (known after apply)
  + internal_ip_address_node01_yandex_cloud = (known after apply)

Do you want to perform these actions?
  Terraform will perform the actions described above.
  Only 'yes' will be accepted to approve.

  Enter a value: yes

yandex_compute_instance.node01: Creating...
yandex_compute_instance.node01: Still creating... [10s elapsed]
yandex_compute_instance.node01: Still creating... [20s elapsed]
yandex_compute_instance.node01: Still creating... [30s elapsed]
yandex_compute_instance.node01: Still creating... [40s elapsed]
yandex_compute_instance.node01: Still creating... [50s elapsed]
yandex_compute_instance.node01: Creation complete after 53s [id=fhm0ak9sm81gkevd7dqa]

Apply complete! Resources: 1 added, 0 changed, 0 destroyed.

Outputs:

external_ip_address_node01_yandex_cloud = "51.250.91."
internal_ip_address_node01_yandex_cloud = "10.128.0.29"
